
Microsoft Visual Studio Solution File, Format Version 12.00
# Visual Studio Version 16
VisualStudioVersion = 16.0.31911.196
MinimumVisualStudioVersion = 10.0.40219.1
Project("{FAE04EC0-301F-11D3-BF4B-00C04F79EFBC}") = "Loyalty", "Loyalty\Loyalty.csproj", "{0944958B-AC27-43C8-85A7-ED7636473E02}"
EndProject
Global
	GlobalSection(SolutionConfigurationPlatforms) = preSolution
		Debug|Any CPU = Debug|Any CPU
		Release|Any CPU = Release|Any CPU
	EndGlobalSection
	GlobalSection(ProjectConfigurationPlatforms) = postSolution
		{0944958B-AC27-43C8-85A7-ED7636473E02}.Debug|Any CPU.ActiveCfg = Debug|Any CPU
		{0944958B-AC27-43C8-85A7-ED7636473E02}.Debug|Any CPU.Build.0 = Debug|Any CPU
		{0944958B-AC27-43C8-85A7-ED7636473E02}.Release|Any CPU.ActiveCfg = Release|Any CPU
		{0944958B-AC27-43C8-85A7-ED7636473E02}.Release|Any CPU.Build.0 = Release|Any CPU
	EndGlobalSection
	GlobalSection(SolutionProperties) = preSolution
		HideSolutionNode = FALSE
	EndGlobalSection
	GlobalSection(ExtensibilityGlobals) = postSolution
		SolutionGuid = {E36BDEB9-BB88-41F3-BF0C-524D281669E2}
	EndGlobalSection
EndGlobal
